{
  "lockfileVersion": 1,
  "workspaces": {
    "": {
      "name": "@nimbus/server",
      "dependencies": {
        "hono": "^4.7.11",
        "zod": "^3.25.57",
      },
    },
  },
  "packages": {
    "hono": ["hono@4.7.11", "", {}, "sha512-rv0JMwC0KALbbmwJDEnxvQCeJh+xbS3KEWW5PC9cMJ08Ur9xgatI0HmtgYZfOdOSOeYsp5LO2cOhdI8cLEbDEQ=="],

    "zod": ["zod@3.25.57", "", {}, "sha512-6tgzLuwVST5oLUxXTmBqoinKMd3JeesgbgseXeFasKKj8Q1FCZrHnbqJOyiEvr4cVAlbug+CgIsmJ8cl/pU5FA=="],
  }
}
